{
  "name": "chatbot-saas",
  "lockfileVersion": 3,
  "requires": true,
  "packages": {
    "": {
      "dependencies": {
        "animejs": "^4.4.1"
      },
      "devDependencies": {
        "@types/animejs": "^3.1.13"
      }
    },
    "node_modules/@types/animejs": {
      "version": "3.1.13",
      "resolved": "https://registry.npmjs.org/@types/animejs/-/animejs-3.1.13.tgz",
      "integrity": "sha512-yWg9l1z7CAv/TKpty4/vupEh24jDGUZXv4r26StRkpUPQm04ztJaftgpto8vwdFs8SiTq6XfaPKCSI+wjzNMvQ==",
      "dev": true,
      "license": "MIT"
    },
    "node_modules/animejs": {
      "version": "4.4.1",
      "resolved": "https://registry.npmjs.org/animejs/-/animejs-4.4.1.tgz",
      "integrity": "sha512-XimhJw4vPb6tAd6Zaoa6BaspJ8UteQMKvL7Pvrt6MW/6u2UvJs0TB/LLqR1sigaiYvpVPC3Tokr9emcCMhWFhw==",
      "license": "MIT",
      "funding": {
        "type": "github",
        "url": "https://github.com/sponsors/juliangarnier"
      }
    }
  }
}
